
Microsoft Visual Studio Solution File, Format Version 12.00
# Visual Studio Version 17
VisualStudioVersion = 17.5.002.0
MinimumVisualStudioVersion = 10.0.40219.1
Project("{9A19103F-16F7-4668-BE54-9A1E7A4F7556}") = "Tugas3.2", "Tugas3.2.csproj", "{B0EF9011-4AFC-4CE6-9C20-0DD1641E92ED}"
EndProject
Global
	GlobalSection(SolutionConfigurationPlatforms) = preSolution
		Debug|Any CPU = Debug|Any CPU
		Release|Any CPU = Release|Any CPU
	EndGlobalSection
	GlobalSection(ProjectConfigurationPlatforms) = postSolution
		{B0EF9011-4AFC-4CE6-9C20-0DD1641E92ED}.Debug|Any CPU.ActiveCfg = Debug|Any CPU
		{B0EF9011-4AFC-4CE6-9C20-0DD1641E92ED}.Debug|Any CPU.Build.0 = Debug|Any CPU
		{B0EF9011-4AFC-4CE6-9C20-0DD1641E92ED}.Release|Any CPU.ActiveCfg = Release|Any CPU
		{B0EF9011-4AFC-4CE6-9C20-0DD1641E92ED}.Release|Any CPU.Build.0 = Release|Any CPU
	EndGlobalSection
	GlobalSection(SolutionProperties) = preSolution
		HideSolutionNode = FALSE
	EndGlobalSection
	GlobalSection(ExtensibilityGlobals) = postSolution
		SolutionGuid = {DCCF76DA-8356-460E-9C85-E2624FC50249}
	EndGlobalSection
EndGlobal
